// !$*UTF8*$!
{
	archiveVersion = 1;
	classes = {
	};
	objectVersion = 50;
	objects = {

/* Begin PBXBuildFile section */
		C02720D4215BCE010080209A /* AppDelegate.swift in Sources */ = {isa = PBXBuildFile; fileRef = C02720D3215BCE010080209A /* AppDelegate.swift */; };
		C02720D6215BCE010080209A /* ViewController.swift in Sources */ = {isa = PBXBuildFile; fileRef = C02720D5215BCE010080209A /* ViewController.swift */; };
		C02720D9215BCE010080209A /* Main.storyboard in Resources */ = {isa = PBXBuildFile; fileRef = C02720D7215BCE010080209A /* Main.storyboard */; };
		C02720DB215BCE060080209A /* Assets.xcassets in Resources */ = {isa = PBXBuildFile; fileRef = C02720DA215BCE060080209A /* Assets.xcassets */; };
		C02720DE215BCE060080209A /* LaunchScreen.storyboard in Resources */ = {isa = PBXBuildFile; fileRef = C02720DC215BCE060080209A /* LaunchScreen.storyboard */; };
		C02720E9215BCE070080209A /* myDemoTests.swift in Sources */ = {isa = PBXBuildFile; fileRef = C02720E8215BCE070080209A /* myDemoTests.swift */; };
		C02720F4215BCE070080209A /* myDemoUITests.swift in Sources */ = {isa = PBXBuildFile; fileRef = C02720F3215BCE070080209A /* myDemoUITests.swift */; };
/* End PBXBuildFile section */

/* Begin PBXContainerItemProxy section */
		C02720E5215BCE070080209A /* PBXContainerItemProxy */ = {
			isa = PBXContainerItemProxy;
			containerPortal = C02720C8215BCE010080209A /* Project object */;
			proxyType = 1;
			remoteGlobalIDString = C02720CF215BCE010080209A;
			remoteInfo = myDemo;
		};
		C02720F0215BCE070080209A /* PBXContainerItemProxy */ = {
			isa = PBXContainerItemProxy;
			containerPortal = C02720C8215BCE010080209A /* Project object */;
			proxyType = 1;
			remoteGlobalIDString = C02720CF215BCE010080209A;
			remoteInfo = myDemo;
		};
/* End PBXContainerItemProxy section */

/* Begin PBXFileReference section */
		C02720D0215BCE010080209A /* myDemo.app */ = {isa = PBXFileReference; explicitFileType = wrapper.application; includeInIndex = 0; path = myDemo.app; sourceTree = BUILT_PRODUCTS_DIR; };
		C02720D3215BCE010080209A /* AppDelegate.swift */ = {isa = PBXFileReference; lastKnownFileType = sourcecode.swift; path = AppDelegate.swift; sourceTree = "<group>"; };
		C02720D5215BCE010080209A /* ViewController.swift */ = {isa = PBXFileReference; lastKnownFileType = sourcecode.swift; path = ViewController.swift; sourceTree = "<group>"; };
		C02720D8215BCE010080209A /* Base */ = {isa = PBXFileReference; lastKnownFileType = file.storyboard; name = Base; path = Base.lproj/Main.storyboard; sourceTree = "<group>"; };
		C02720DA215BCE060080209A /* Assets.xcassets */ = {isa = PBXFileReference; lastKnownFileType = folder.assetcatalog; path = Assets.xcassets; sourceTree = "<group>"; };
		C02720DD215BCE060080209A /* Base */ = {isa = PBXFileReference; lastKnownFileType = file.storyboard; name = Base; path = Base.lproj/LaunchScreen.storyboard; sourceTree = "<group>"; };
		C02720DF215BCE060080209A /* Info.plist */ = {isa = PBXFileReference; lastKnownFileType = text.plist.xml; path = Info.plist; sourceTree = "<group>"; };
		C02720E4215BCE070080209A /* myDemoTests.xctest */ = {isa = PBXFileReference; explicitFileType = wrapper.cfbundle; includeInIndex = 0; path = myDemoTests.xctest; sourceTree = BUILT_PRODUCTS_DIR; };
		C02720E8215BCE070080209A /* myDemoTests.swift */ = {isa = PBXFileReference; lastKnownFileType = sourcecode.swift; path = myDemoTests.swift; sourceTree = "<group>"; };
		C02720EA215BCE070080209A /* Info.plist */ = {isa = PBXFileReference; lastKnownFileType = text.plist.xml; path = Info.plist; sourceTree = "<group>"; };
		C02720EF215BCE070080209A /* myDemoUITests.xctest */ = {isa = PBXFileReference; explicitFileType = wrapper.cfbundle; includeInIndex = 0; path = myDemoUITests.xctest; sourceTree = BUILT_PRODUCTS_DIR; };
		C02720F3215BCE070080209A /* myDemoUITests.swift */ = {isa = PBXFileReference; lastKnownFileType = sourcecode.swift; path = myDemoUITests.swift; sourceTree = "<group>"; };
		C02720F5215BCE070080209A /* Info.plist */ = {isa = PBXFileReference; lastKnownFileType = text.plist.xml; path = Info.plist; sourceTree = "<group>"; };
/* End PBXFileReference section */

/* Begin PBXFrameworksBuildPhase section */
		C02720CD215BCE010080209A /* Frameworks */ = {
			isa = PBXFrameworksBuildPhase;
			buildActionMask = 2147483647;
			files = (
			);
			runOnlyForDeploymentPostprocessing = 0;
		};
		C02720E1215BCE070080209A /* Frameworks */ = {
			isa = PBXFrameworksBuildPhase;
			buildActionMask = 2147483647;
			files = (
			);
			runOnlyForDeploymentPostprocessing = 0;
		};
		C02720EC215BCE070080209A /* Frameworks */ = {
			isa = PBXFrameworksBuildPhase;
			buildActionMask = 2147483647;
			files = (
			);
			runOnlyForDeploymentPostprocessing = 0;
		};
/* End PBXFrameworksBuildPhase section */

/* Begin PBXGroup section */
		C02720C7215BCE010080209A = {
			isa = PBXGroup;
			children = (
				C02720D2215BCE010080209A /* myDemo */,
				C02720E7215BCE070080209A /* myDemoTests */,
				C02720F2215BCE070080209A /* myDemoUITests */,
				C02720D1215BCE010080209A /* Products */,
			);
			sourceTree = "<group>";
		};
		C02720D1215BCE010080209A /* Products */ = {
			isa = PBXGroup;
			children = (
				C02720D0215BCE010080209A /* myDemo.app */,
				C02720E4215BCE070080209A /* myDemoTests.xctest */,
				C02720EF215BCE070080209A /* myDemoUITests.xctest */,
			);
			name = Products;
			sourceTree = "<group>";
		};
		C02720D2215BCE010080209A /* myDemo */ = {
			isa = PBXGroup;
			children = (
				C02720D3215BCE010080209A /* AppDelegate.swift */,
				C02720D5215BCE010080209A /* ViewController.swift */,
				C02720D7215BCE010080209A /* Main.storyboard */,
				C02720DA215BCE060080209A /* Assets.xcassets */,
				C02720DC215BCE060080209A /* LaunchScreen.storyboard */,
				C02720DF215BCE060080209A /* Info.plist */,
			);
			path = myDemo;
			sourceTree = "<group>";
		};
		C02720E7215BCE070080209A /* myDemoTests */ = {
			isa = PBXGroup;
			children = (
				C02720E8215BCE070080209A /* myDemoTests.swift */,
				C02720EA215BCE070080209A /* Info.plist */,
			);
			path = myDemoTests;
			sourceTree = "<group>";
		};
		C02720F2215BCE070080209A /* myDemoUITests */ = {
			isa = PBXGroup;
			children = (
				C02720F3215BCE070080209A /* myDemoUITests.swift */,
				C02720F5215BCE070080209A /* Info.plist */,
			);
			path = myDemoUITests;
			sourceTree = "<group>";
		};
/* End PBXGroup section */

/* Begin PBXNativeTarget section */
		C02720CF215BCE010080209A /* myDemo */ = {
			isa = PBXNativeTarget;
			buildConfigurationList = C02720F8215BCE070080209A /* Build configuration list for PBXNativeTarget "myDemo" */;
			buildPhases = (
				C02720CC215BCE010080209A /* Sources */,
				C02720CD215BCE010080209A /* Frameworks */,
				C02720CE215BCE010080209A /* Resources */,
			);
			buildRules = (
			);
			dependencies = (
			);
			name = myDemo;
			productName = myDemo;
			productReference = C02720D0215BCE010080209A /* myDemo.app */;
			productType = "com.apple.product-type.application";
		};
		C02720E3215BCE070080209A /* myDemoTests */ = {
			isa = PBXNativeTarget;
			buildConfigurationList = C02720FB215BCE070080209A /* Build configuration list for PBXNativeTarget "myDemoTests" */;
			buildPhases = (
				C02720E0215BCE070080209A /* Sources */,
				C02720E1215BCE070080209A /* Frameworks */,
				C02720E2215BCE070080209A /* Resources */,
			);
			buildRules = (
			);
			dependencies = (
				C02720E6215BCE070080209A /* PBXTargetDependency */,
			);
			name = myDemoTests;
			productName = myDemoTests;
			productReference = C02720E4215BCE070080209A /* myDemoTests.xctest */;
			productType = "com.apple.product-type.bundle.unit-test";
		};
		C02720EE215BCE070080209A /* myDemoUITests */ = {
			isa = PBXNativeTarget;
			buildConfigurationList = C02720FE215BCE070080209A /* Build configuration list for PBXNativeTarget "myDemoUITests" */;
			buildPhases = (
				C02720EB215BCE070080209A /* Sources */,
				C02720EC215BCE070080209A /* Frameworks */,
				C02720ED215BCE070080209A /* Resources */,
			);
			buildRules = (
			);
			dependencies = (
				C02720F1215BCE070080209A /* PBXTargetDependency */,
			);
			name = myDemoUITests;
			productName = myDemoUITests;
			productReference = C02720EF215BCE070080209A /* myDemoUITests.xctest */;
			productType = "com.apple.product-type.bundle.ui-testing";
		};
/* End PBXNativeTarget section */

/* Begin PBXProject section */
		C02720C8215BCE010080209A /* Project object */ = {
			isa = PBXProject;
			attributes = {
				LastSwiftUpdateCheck = 1000;
				LastUpgradeCheck = 1000;
				ORGANIZATIONNAME = "Dinaol Melak";
				TargetAttributes = {
					C02720CF215BCE010080209A = {
						CreatedOnToolsVersion = 10.0;
					};
					C02720E3215BCE070080209A = {
						CreatedOnToolsVersion = 10.0;
						TestTargetID = C02720CF215BCE010080209A;
					};
					C02720EE215BCE070080209A = {
						CreatedOnToolsVersion = 10.0;
						TestTargetID = C02720CF215BCE010080209A;
					};
				};
			};
			buildConfigurationList = C02720CB215BCE010080209A /* Build configuration list for PBXProject "myDemo" */;
			compatibilityVersion = "Xcode 9.3";
			developmentRegion = en;
			hasScannedForEncodings = 0;
			knownRegions = (
				en,
				Base,
			);
			mainGroup = C02720C7215BCE010080209A;
			productRefGroup = C02720D1215BCE010080209A /* Products */;
			projectDirPath = "";
			projectRoot = "";
			targets = (
				C02720CF215BCE010080209A /* myDemo */,
				C02720E3215BCE070080209A /* myDemoTests */,
				C02720EE215BCE070080209A /* myDemoUITests */,
			);
		};
/* End PBXProject section */

/* Begin PBXResourcesBuildPhase section */
		C02720CE215BCE010080209A /* Resources */ = {
			isa = PBXResourcesBuildPhase;
			buildActionMask = 2147483647;
			files = (
				C02720DE215BCE060080209A /* LaunchScreen.storyboard in Resources */,
				C02720DB215BCE060080209A /* Assets.xcassets in Resources */,
				C02720D9215BCE010080209A /* Main.storyboard in Resources */,
			);
			runOnlyForDeploymentPostprocessing = 0;
		};
		C02720E2215BCE070080209A /* Resources */ = {
			isa = PBXResourcesBuildPhase;
			buildActionMask = 2147483647;
			files = (
			);
			runOnlyForDeploymentPostprocessing = 0;
		};
		C02720ED215BCE070080209A /* Resources */ = {
			isa = PBXResourcesBuildPhase;
			buildActionMask = 2147483647;
			files = (
			);
			runOnlyForDeploymentPostprocessing = 0;
		};
/* End PBXResourcesBuildPhase section */

/* Begin PBXSourcesBuildPhase section */
		C02720CC215BCE010080209A /* Sources */ = {
			isa = PBXSourcesBuildPhase;
			buildActionMask = 2147483647;
			files = (
				C02720D6215BCE010080209A /* ViewController.swift in Sources */,
				C02720D4215BCE010080209A /* AppDelegate.swift in Sources */,
			);
			runOnlyForDeploymentPostprocessing = 0;
		};
		C02720E0215BCE070080209A /* Sources */ = {
			isa = PBXSourcesBuildPhase;
			buildActionMask = 2147483647;
			files = (
				C02720E9215BCE070080209A /* myDemoTests.swift in Sources */,
			);
			runOnlyForDeploymentPostprocessing = 0;
		};
		C02720EB215BCE070080209A /* Sources */ = {
			isa = PBXSourcesBuildPhase;
			buildActionMask = 2147483647;
			files = (
				C02720F4215BCE070080209A /* myDemoUITests.swift in Sources */,
			);
			runOnlyForDeploymentPostprocessing = 0;
		};
/* End PBXSourcesBuildPhase section */

/* Begin PBXTargetDependency section */
		C02720E6215BCE070080209A /* PBXTargetDependency */ = {
			isa = PBXTargetDependency;
			target = C02720CF215BCE010080209A /* myDemo */;
			targetProxy = C02720E5215BCE070080209A /* PBXContainerItemProxy */;
		};
		C02720F1215BCE070080209A /* PBXTargetDependency */ = {
			isa = PBXTargetDependency;
			target = C02720CF215BCE010080209A /* myDemo */;
			targetProxy = C02720F0215BCE070080209A /* PBXContainerItemProxy */;
		};
/* End PBXTargetDependency section */

/* Begin PBXVariantGroup section */
		C02720D7215BCE010080209A /* Main.storyboard */ = {
			isa = PBXVariantGroup;
			children = (
				C02720D8215BCE010080209A /* Base */,
			);
			name = Main.storyboard;
			sourceTree = "<group>";
		};
		C02720DC215BCE060080209A /* LaunchScreen.storyboard */ = {
			isa = PBXVariantGroup;
			children = (
				C02720DD215BCE060080209A /* Base */,
			);
			name = LaunchScreen.storyboard;
			sourceTree = "<group>";
		};
/* End PBXVariantGroup section */

/* Begin XCBuildConfiguration section */
		C02720F6215BCE070080209A /* Debug */ = {
			isa = XCBuildConfiguration;
			buildSettings = {
				ALWAYS_SEARCH_USER_PATHS = NO;
				CLANG_ANALYZER_NONNULL = YES;
				CLANG_ANALYZER_NUMBER_OBJECT_CONVERSION = YES_AGGRESSIVE;
				CLANG_CXX_LANGUAGE_STANDARD = "gnu++14";
				CLANG_CXX_LIBRARY = "libc++";
				CLANG_ENABLE_MODULES = YES;
				CLANG_ENABLE_OBJC_ARC = YES;
				CLANG_ENABLE_OBJC_WEAK = YES;
				CLANG_WARN_BLOCK_CAPTURE_AUTORELEASING = YES;
				CLANG_WARN_BOOL_CONVERSION = YES;
				CLANG_WARN_COMMA = YES;
				CLANG_WARN_CONSTANT_CONVERSION = YES;
				CLANG_WARN_DEPRECATED_OBJC_IMPLEMENTATIONS = YES;
				CLANG_WARN_DIRECT_OBJC_ISA_USAGE = YES_ERROR;
				CLANG_WARN_DOCUMENTATION_COMMENTS = YES;
				CLANG_WARN_EMPTY_BODY = YES;
				CLANG_WARN_ENUM_CONVERSION = YES;
				CLANG_WARN_INFINITE_RECURSION = YES;
				CLANG_WARN_INT_CONVERSION = YES;
				CLANG_WARN_NON_LITERAL_NULL_CONVERSION = YES;
				CLANG_WARN_OBJC_IMPLICIT_RETAIN_SELF = YES;
				CLANG_WARN_OBJC_LITERAL_CONVERSION = YES;
				CLANG_WARN_OBJC_ROOT_CLASS = YES_ERROR;
				CLANG_WARN_RANGE_LOOP_ANALYSIS = YES;
				CLANG_WARN_STRICT_PROTOTYPES = YES;
				CLANG_WARN_SUSPICIOUS_MOVE = YES;
				CLANG_WARN_UNGUARDED_AVAILABILITY = YES_AGGRESSIVE;
				CLANG_WARN_UNREACHABLE_CODE = YES;
				CLANG_WARN__DUPLICATE_METHOD_MATCH = YES;
				CODE_SIGN_IDENTITY = "iPhone Developer";
				COPY_PHASE_STRIP = NO;
				DEBUG_INFORMATION_FORMAT = dwarf;
				ENABLE_STRICT_OBJC_MSGSEND = YES;
				ENABLE_TESTABILITY = YES;
				GCC_C_LANGUAGE_STANDARD = gnu11;
				GCC_DYNAMIC_NO_PIC = NO;
				GCC_NO_COMMON_BLOCKS = YES;
				GCC_OPTIMIZATION_LEVEL = 0;
				GCC_PREPROCESSOR_DEFINITIONS = (
					"DEBUG=1",
					"$(inherited)",
				);
				GCC_WARN_64_TO_32_BIT_CONVERSION = YES;
				GCC_WARN_ABOUT_RETURN_TYPE = YES_ERROR;
				GCC_WARN_UNDECLARED_SELECTOR = YES;
				GCC_WARN_UNINITIALIZED_AUTOS = YES_AGGRESSIVE;
				GCC_WARN_UNUSED_FUNCTION = YES;
				GCC_WARN_UNUSED_VARIABLE = YES;
				IPHONEOS_DEPLOYMENT_TARGET = 12.0;
				MTL_ENABLE_DEBUG_INFO = INCLUDE_SOURCE;
				MTL_FAST_MATH = YES;
				ONLY_ACTIVE_ARCH = YES;
				SDKROOT = iphoneos;
				SWIFT_ACTIVE_COMPILATION_CONDITIONS = DEBUG;
				SWIFT_OPTIMIZATION_LEVEL = "-Onone";
			};
			name = Debug;
		};
		C02720F7215BCE070080209A /* Release */ = {
			isa = XCBuildConfiguration;
			buildSettings = {
				ALWAYS_SEARCH_USER_PATHS = NO;
				CLANG_ANALYZER_NONNULL = YES;
				CLANG_ANALYZER_NUMBER_OBJECT_CONVERSION = YES_AGGRESSIVE;
				CLANG_CXX_LANGUAGE_STANDARD = "gnu++14";
				CLANG_CXX_LIBRARY = "libc++";
				CLANG_ENABLE_MODULES = YES;
				CLANG_ENABLE_OBJC_ARC = YES;
				CLANG_ENABLE_OBJC_WEAK = YES;
				CLANG_WARN_BLOCK_CAPTURE_AUTORELEASING = YES;
				CLANG_WARN_BOOL_CONVERSION = YES;
				CLANG_WARN_COMMA = YES;
				CLANG_WARN_CONSTANT_CONVERSION = YES;
				CLANG_WARN_DEPRECATED_OBJC_IMPLEMENTATIONS = YES;
				CLANG_WARN_DIRECT_OBJC_ISA_USAGE = YES_ERROR;
				CLANG_WARN_DOCUMENTATION_COMMENTS = YES;
				CLANG_WARN_EMPTY_BODY = YES;
				CLANG_WARN_ENUM_CONVERSION = YES;
				CLANG_WARN_INFINITE_RECURSION = YES;
				CLANG_WARN_INT_CONVERSION = YES;
				CLANG_WARN_NON_LITERAL_NULL_CONVERSION = YES;
				CLANG_WARN_OBJC_IMPLICIT_RETAIN_SELF = YES;
				CLANG_WARN_OBJC_LITERAL_CONVERSION = YES;
				CLANG_WARN_OBJC_ROOT_CLASS = YES_ERROR;
				CLANG_WARN_RANGE_LOOP_ANALYSIS = YES;
				CLANG_WARN_STRICT_PROTOTYPES = YES;
				CLANG_WARN_SUSPICIOUS_MOVE = YES;
				CLANG_WARN_UNGUARDED_AVAILABILITY = YES_AGGRESSIVE;
				CLANG_WARN_UNREACHABLE_CODE = YES;
				CLANG_WARN__DUPLICATE_METHOD_MATCH = YES;
				CODE_SIGN_IDENTITY = "iPhone Developer";
				COPY_PHASE_STRIP = NO;
				DEBUG_INFORMATION_FORMAT = "dwarf-with-dsym";
				ENABLE_NS_ASSERTIONS = NO;
				ENABLE_STRICT_OBJC_MSGSEND = YES;
				GCC_C_LANGUAGE_STANDARD = gnu11;
				GCC_NO_COMMON_BLOCKS = YES;
				GCC_WARN_64_TO_32_BIT_CONVERSION = YES;
				GCC_WARN_ABOUT_RETURN_TYPE = YES_ERROR;
				GCC_WARN_UNDECLARED_SELECTOR = YES;
				GCC_WARN_UNINITIALIZED_AUTOS = YES_AGGRESSIVE;
				GCC_WARN_UNUSED_FUNCTION = YES;
				GCC_WARN_UNUSED_VARIABLE = YES;
				IPHONEOS_DEPLOYMENT_TARGET = 12.0;
				MTL_ENABLE_DEBUG_INFO = NO;
				MTL_FAST_MATH = YES;
				SDKROOT = iphoneos;
				SWIFT_COMPILATION_MODE = wholemodule;
				SWIFT_OPTIMIZATION_LEVEL = "-O";
				VALIDATE_PRODUCT = YES;
			};
			name = Release;
		};
		C02720F9215BCE070080209A /* Debug */ = {
			isa = XCBuildConfiguration;
			buildSettings = {
				ASSETCATALOG_COMPILER_APPICON_NAME = AppIcon;
				CODE_SIGN_STYLE = Automatic;
				DEVELOPMENT_TEAM = 8ANT6T3S86;
				INFOPLIST_FILE = myDemo/Info.plist;
				LD_RUNPATH_SEARCH_PATHS = (
					"$(inherited)",
					"@executable_path/Frameworks",
				);
				PRODUCT_BUNDLE_IDENTIFIER = com.dinaol.myDemo;
				PRODUCT_NAME = "$(TARGET_NAME)";
				SWIFT_VERSION = 4.2;
				TARGETED_DEVICE_FAMILY = "1,2";
			};
			name = Debug;
		};
		C02720FA215BCE070080209A /* Release */ = {
			isa = XCBuildConfiguration;
			buildSettings = {
				ASSETCATALOG_COMPILER_APPICON_NAME = AppIcon;
				CODE_SIGN_STYLE = Automatic;
				DEVELOPMENT_TEAM = 8ANT6T3S86;
				INFOPLIST_FILE = myDemo/Info.plist;
				LD_RUNPATH_SEARCH_PATHS = (
					"$(inherited)",
					"@executable_path/Frameworks",
				);
				PRODUCT_BUNDLE_IDENTIFIER = com.dinaol.myDemo;
				PRODUCT_NAME = "$(TARGET_NAME)";
				SWIFT_VERSION = 4.2;
				TARGETED_DEVICE_FAMILY = "1,2";
			};
			name = Release;
		};
		C02720FC215BCE070080209A /* Debug */ = {
			isa = XCBuildConfiguration;
			buildSettings = {
				ALWAYS_EMBED_SWIFT_STANDARD_LIBRARIES = YES;
				BUNDLE_LOADER = "$(TEST_HOST)";
				CODE_SIGN_STYLE = Automatic;
				DEVELOPMENT_TEAM = 8ANT6T3S86;
				INFOPLIST_FILE = myDemoTests/Info.plist;
				LD_RUNPATH_SEARCH_PATHS = (
					"$(inherited)",
					"@executable_path/Frameworks",
					"@loader_path/Frameworks",
				);
				PRODUCT_BUNDLE_IDENTIFIER = com.dinaol.myDemoTests;
				PRODUCT_NAME = "$(TARGET_NAME)";
				SWIFT_VERSION = 4.2;
				TARGETED_DEVICE_FAMILY = "1,2";
				TEST_HOST = "$(BUILT_PRODUCTS_DIR)/myDemo.app/myDemo";
			};
			name = Debug;
		};
		C02720FD215BCE070080209A /* Release */ = {
			isa = XCBuildConfiguration;
			buildSettings = {
				ALWAYS_EMBED_SWIFT_STANDARD_LIBRARIES = YES;
				BUNDLE_LOADER = "$(TEST_HOST)";
				CODE_SIGN_STYLE = Automatic;
				DEVELOPMENT_TEAM = 8ANT6T3S86;
				INFOPLIST_FILE = myDemoTests/Info.plist;
				LD_RUNPATH_SEARCH_PATHS = (
					"$(inherited)",
					"@executable_path/Frameworks",
					"@loader_path/Frameworks",
				);
				PRODUCT_BUNDLE_IDENTIFIER = com.dinaol.myDemoTests;
				PRODUCT_NAME = "$(TARGET_NAME)";
				SWIFT_VERSION = 4.2;
				TARGETED_DEVICE_FAMILY = "1,2";
				TEST_HOST = "$(BUILT_PRODUCTS_DIR)/myDemo.app/myDemo";
			};
			name = Release;
		};
		C02720FF215BCE070080209A /* Debug */ = {
			isa = XCBuildConfiguration;
			buildSettings = {
				ALWAYS_EMBED_SWIFT_STANDARD_LIBRARIES = YES;
				CODE_SIGN_STYLE = Automatic;
				DEVELOPMENT_TEAM = 8ANT6T3S86;
				INFOPLIST_FILE = myDemoUITests/Info.plist;
				LD_RUNPATH_SEARCH_PATHS = (
					"$(inherited)",
					"@executable_path/Frameworks",
					"@loader_path/Frameworks",
				);
				PRODUCT_BUNDLE_IDENTIFIER = com.dinaol.myDemoUITests;
				PRODUCT_NAME = "$(TARGET_NAME)";
				SWIFT_VERSION = 4.2;
				TARGETED_DEVICE_FAMILY = "1,2";
				TEST_TARGET_NAME = myDemo;
			};
			name = Debug;
		};
		C0272100215BCE070080209A /* Release */ = {
			isa = XCBuildConfiguration;
			buildSettings = {
				ALWAYS_EMBED_SWIFT_STANDARD_LIBRARIES = YES;
				CODE_SIGN_STYLE = Automatic;
				DEVELOPMENT_TEAM = 8ANT6T3S86;
				INFOPLIST_FILE = myDemoUITests/Info.plist;
				LD_RUNPATH_SEARCH_PATHS = (
					"$(inherited)",
					"@executable_path/Frameworks",
					"@loader_path/Frameworks",
				);
				PRODUCT_BUNDLE_IDENTIFIER = com.dinaol.myDemoUITests;
				PRODUCT_NAME = "$(TARGET_NAME)";
				SWIFT_VERSION = 4.2;
				TARGETED_DEVICE_FAMILY = "1,2";
				TEST_TARGET_NAME = myDemo;
			};
			name = Release;
		};
/* End XCBuildConfiguration section */

/* Begin XCConfigurationList section */
		C02720CB215BCE010080209A /* Build configuration list for PBXProject "myDemo" */ = {
			isa = XCConfigurationList;
			buildConfigurations = (
				C02720F6215BCE070080209A /* Debug */,
				C02720F7215BCE070080209A /* Release */,
			);
			defaultConfigurationIsVisible = 0;
			defaultConfigurationName = Release;
		};
		C02720F8215BCE070080209A /* Build configuration list for PBXNativeTarget "myDemo" */ = {
			isa = XCConfigurationList;
			buildConfigurations = (
				C02720F9215BCE070080209A /* Debug */,
				C02720FA215BCE070080209A /* Release */,
			);
			defaultConfigurationIsVisible = 0;
			defaultConfigurationName = Release;
		};
		C02720FB215BCE070080209A /* Build configuration list for PBXNativeTarget "myDemoTests" */ = {
			isa = XCConfigurationList;
			buildConfigurations = (
				C02720FC215BCE070080209A /* Debug */,
				C02720FD215BCE070080209A /* Release */,
			);
			defaultConfigurationIsVisible = 0;
			defaultConfigurationName = Release;
		};
		C02720FE215BCE070080209A /* Build configuration list for PBXNativeTarget "myDemoUITests" */ = {
			isa = XCConfigurationList;
			buildConfigurations = (
				C02720FF215BCE070080209A /* Debug */,
				C0272100215BCE070080209A /* Release */,
			);
			defaultConfigurationIsVisible = 0;
			defaultConfigurationName = Release;
		};
/* End XCConfigurationList section */
	};
	rootObject = C02720C8215BCE010080209A /* Project object */;
}
